// !$*UTF8*$!
{
	archiveVersion = 1;
	classes = {
	};
	objectVersion = 46;
	objects = {

/* Begin PBXBuildFile section */
		1A162F891CEB88F800F7C4EB /* Excercise10.cpp in Sources */ = {isa = PBXBuildFile; fileRef = 1A162F871CEB88F800F7C4EB /* Excercise10.cpp */; };
		1A162F8C1CEB899600F7C4EB /* AccountExer10.cpp in Sources */ = {isa = PBXBuildFile; fileRef = 1A162F8A1CEB899600F7C4EB /* AccountExer10.cpp */; };
		1A162F8F1CEBA60200F7C4EB /* AddressExer10.cpp in Sources */ = {isa = PBXBuildFile; fileRef = 1A162F8D1CEBA60200F7C4EB /* AddressExer10.cpp */; };
		1A162F921CEBA61A00F7C4EB /* DepartmentExer10.cpp in Sources */ = {isa = PBXBuildFile; fileRef = 1A162F901CEBA61A00F7C4EB /* DepartmentExer10.cpp */; };
		1A39DBE61CD87DF9002E740D /* main.cpp in Sources */ = {isa = PBXBuildFile; fileRef = 1A39DBE51CD87DF9002E740D /* main.cpp */; };
		1A39DBEE1CD87EB1002E740D /* HomeWork.cpp in Sources */ = {isa = PBXBuildFile; fileRef = 1A39DBEC1CD87EB1002E740D /* HomeWork.cpp */; };
		1A39DBF11CD90C92002E740D /* FirstExer.cpp in Sources */ = {isa = PBXBuildFile; fileRef = 1A39DBEF1CD90C92002E740D /* FirstExer.cpp */; };
		1A565A1C1CF60A68000761B2 /* GlobalNumberExer.cpp in Sources */ = {isa = PBXBuildFile; fileRef = 1A565A1A1CF60A68000761B2 /* GlobalNumberExer.cpp */; };
		1A565A1F1CF77600000761B2 /* Class15.cpp in Sources */ = {isa = PBXBuildFile; fileRef = 1A565A1D1CF77600000761B2 /* Class15.cpp */; };
		1A565A251CF8AEE7000761B2 /* VectorsExer.cpp in Sources */ = {isa = PBXBuildFile; fileRef = 1A565A231CF8AEE7000761B2 /* VectorsExer.cpp */; };
		1A565A2D1CFCA979000761B2 /* ProtectedExer.cpp in Sources */ = {isa = PBXBuildFile; fileRef = 1A565A2B1CFCA979000761B2 /* ProtectedExer.cpp */; };
		1A565A301CFCA9F3000761B2 /* House.cpp in Sources */ = {isa = PBXBuildFile; fileRef = 1A565A2E1CFCA9F3000761B2 /* House.cpp */; };
		1A565A331CFCAA98000761B2 /* Apartment.cpp in Sources */ = {isa = PBXBuildFile; fileRef = 1A565A311CFCAA98000761B2 /* Apartment.cpp */; };
		1A565A361CFCD005000761B2 /* DateAssignmet4.cpp in Sources */ = {isa = PBXBuildFile; fileRef = 1A565A341CFCD005000761B2 /* DateAssignmet4.cpp */; };
		1A565A391CFCD013000761B2 /* PhoneAssignment4.cpp in Sources */ = {isa = PBXBuildFile; fileRef = 1A565A371CFCD013000761B2 /* PhoneAssignment4.cpp */; };
		1A565A3C1CFCE123000761B2 /* driverAssignment4.cpp in Sources */ = {isa = PBXBuildFile; fileRef = 1A565A3A1CFCE123000761B2 /* driverAssignment4.cpp */; };
		1A565A401CFD2A86000761B2 /* outFile.txt in CopyFiles */ = {isa = PBXBuildFile; fileRef = 1A565A3F1CFD2A86000761B2 /* outFile.txt */; };
		1A565A431CFDF2F0000761B2 /* driverMidterm.cpp in Sources */ = {isa = PBXBuildFile; fileRef = 1A565A411CFDF2F0000761B2 /* driverMidterm.cpp */; };
		1A565A461CFDF332000761B2 /* CarMidterm.cpp in Sources */ = {isa = PBXBuildFile; fileRef = 1A565A441CFDF332000761B2 /* CarMidterm.cpp */; };
		1A565A491CFDF462000761B2 /* TechInforMidterm.cpp in Sources */ = {isa = PBXBuildFile; fileRef = 1A565A471CFDF462000761B2 /* TechInforMidterm.cpp */; };
		1A565A501CFF63C1000761B2 /* ParkingSpot.cpp in Sources */ = {isa = PBXBuildFile; fileRef = 1A565A4E1CFF63C1000761B2 /* ParkingSpot.cpp */; };
		1A565A531CFF63DE000761B2 /* ParkingClient.cpp in Sources */ = {isa = PBXBuildFile; fileRef = 1A565A511CFF63DE000761B2 /* ParkingClient.cpp */; };
		1A565A561CFF63EF000761B2 /* driverParkingExer.cpp in Sources */ = {isa = PBXBuildFile; fileRef = 1A565A541CFF63EF000761B2 /* driverParkingExer.cpp */; };
		1A6C41D31CE3A17100581A20 /* Exercise7.cpp in Sources */ = {isa = PBXBuildFile; fileRef = 1A6C41D11CE3A17100581A20 /* Exercise7.cpp */; };
		1A7DE6EE1CFFB14500C8FBEA /* ParkingData.dat in CopyFiles */ = {isa = PBXBuildFile; fileRef = 1A7DE6ED1CFFB14500C8FBEA /* ParkingData.dat */; };
		1A85B4571D01F2B30027047B /* driverPolymorphism.cpp in Sources */ = {isa = PBXBuildFile; fileRef = 1A85B4551D01F2B30027047B /* driverPolymorphism.cpp */; };
		1A9C40341CECF993007D6A8D /* BedExer11.cpp in Sources */ = {isa = PBXBuildFile; fileRef = 1A9C40321CECF993007D6A8D /* BedExer11.cpp */; };
		1A9C40371CECFD76007D6A8D /* BunkBed.cpp in Sources */ = {isa = PBXBuildFile; fileRef = 1A9C40351CECFD76007D6A8D /* BunkBed.cpp */; };
		1A9C403A1CED186E007D6A8D /* Exer11.cpp in Sources */ = {isa = PBXBuildFile; fileRef = 1A9C40381CED186E007D6A8D /* Exer11.cpp */; };
		1A9C403D1CED42F7007D6A8D /* DayBed.cpp in Sources */ = {isa = PBXBuildFile; fileRef = 1A9C403B1CED42F7007D6A8D /* DayBed.cpp */; };
		1A9C404C1CEF9306007D6A8D /* VehicleAssignment.cpp in Sources */ = {isa = PBXBuildFile; fileRef = 1A9C404A1CEF9306007D6A8D /* VehicleAssignment.cpp */; };
		1A9C404F1CEF96F6007D6A8D /* TruckAssignment.cpp in Sources */ = {isa = PBXBuildFile; fileRef = 1A9C404D1CEF96F6007D6A8D /* TruckAssignment.cpp */; };
		1A9C40521CEFB20F007D6A8D /* DutyTruckAssignment.cpp in Sources */ = {isa = PBXBuildFile; fileRef = 1A9C40501CEFB20F007D6A8D /* DutyTruckAssignment.cpp */; };
		1A9C40551CEFB5C8007D6A8D /* PickUpTruckAssignment.cpp in Sources */ = {isa = PBXBuildFile; fileRef = 1A9C40531CEFB5C8007D6A8D /* PickUpTruckAssignment.cpp */; };
		1A9C40581CEFB7FE007D6A8D /* PassengerAssignment.cpp in Sources */ = {isa = PBXBuildFile; fileRef = 1A9C40561CEFB7FE007D6A8D /* PassengerAssignment.cpp */; };
		1A9C405B1CEFBA2A007D6A8D /* driverAssignment3.cpp in Sources */ = {isa = PBXBuildFile; fileRef = 1A9C40591CEFBA2A007D6A8D /* driverAssignment3.cpp */; };
		1AAC201A1D0B2CD80020DAD5 /* driverAssignment5.cpp in Sources */ = {isa = PBXBuildFile; fileRef = 1AAC20181D0B2CD80020DAD5 /* driverAssignment5.cpp */; };
		1AAC201D1D0B4A5C0020DAD5 /* inFile assignment5.txt in CopyFiles */ = {isa = PBXBuildFile; fileRef = 1AAC201B1D0B4A5C0020DAD5 /* inFile assignment5.txt */; };
		1AAC201E1D0B4A5C0020DAD5 /* outFile assignment5.txt in CopyFiles */ = {isa = PBXBuildFile; fileRef = 1AAC201C1D0B4A5C0020DAD5 /* outFile assignment5.txt */; };
		1AAC20211D0B4AD60020DAD5 /* inFile assignment5 copy.dat in CopyFiles */ = {isa = PBXBuildFile; fileRef = 1AAC201F1D0B4AD60020DAD5 /* inFile assignment5 copy.dat */; };
		1AAC20221D0B4AD60020DAD5 /* outFile assignment5 copy.dat in CopyFiles */ = {isa = PBXBuildFile; fileRef = 1AAC20201D0B4AD60020DAD5 /* outFile assignment5 copy.dat */; };
		1AAC5DEC1CDA595D00F62C01 /* Exerceise2.cpp in Sources */ = {isa = PBXBuildFile; fileRef = 1AAC5DEA1CDA595D00F62C01 /* Exerceise2.cpp */; };
		1AAC5DF21CDA9B7C00F62C01 /* HomeWorkExer2.cpp in Sources */ = {isa = PBXBuildFile; fileRef = 1AAC5DF01CDA9B7C00F62C01 /* HomeWorkExer2.cpp */; };
		1AAC5E0E1CDBB36700F62C01 /* Exercise3.cpp in Sources */ = {isa = PBXBuildFile; fileRef = 1AAC5E0C1CDBB36700F62C01 /* Exercise3.cpp */; };
		1AAC5E111CDCFD1400F62C01 /* Exercise4.cpp in Sources */ = {isa = PBXBuildFile; fileRef = 1AAC5E0F1CDCFD1400F62C01 /* Exercise4.cpp */; };
		1AAC5E141CDD263100F62C01 /* Assignment1.cpp in Sources */ = {isa = PBXBuildFile; fileRef = 1AAC5E121CDD263100F62C01 /* Assignment1.cpp */; };
		1AAC5E171CE0F81900F62C01 /* Exercise5.cpp in Sources */ = {isa = PBXBuildFile; fileRef = 1AAC5E151CE0F81900F62C01 /* Exercise5.cpp */; };
		1AAC5E1A1CE249AF00F62C01 /* Exercise6.cpp in Sources */ = {isa = PBXBuildFile; fileRef = 1AAC5E181CE249AF00F62C01 /* Exercise6.cpp */; };
		1ADAD14B1D0F1EE700B901DB /* Service.cpp in Sources */ = {isa = PBXBuildFile; fileRef = 1ADAD1491D0F1EE700B901DB /* Service.cpp */; };
		1ADAD14E1D0F1EFE00B901DB /* Phone.cpp in Sources */ = {isa = PBXBuildFile; fileRef = 1ADAD14C1D0F1EFE00B901DB /* Phone.cpp */; };
		1ADAD1511D0F1F1A00B901DB /* Camera.cpp in Sources */ = {isa = PBXBuildFile; fileRef = 1ADAD14F1D0F1F1A00B901DB /* Camera.cpp */; };
		1ADAD1541D0F1F2B00B901DB /* VideoCamera.cpp in Sources */ = {isa = PBXBuildFile; fileRef = 1ADAD1521D0F1F2B00B901DB /* VideoCamera.cpp */; };
		1ADAD1571D0F235500B901DB /* PictureCamera.cpp in Sources */ = {isa = PBXBuildFile; fileRef = 1ADAD1551D0F235500B901DB /* PictureCamera.cpp */; };
		1ADAD15A1D0F236100B901DB /* Player.cpp in Sources */ = {isa = PBXBuildFile; fileRef = 1ADAD1581D0F236100B901DB /* Player.cpp */; };
		1ADAD15D1D0F236E00B901DB /* Mp3Player.cpp in Sources */ = {isa = PBXBuildFile; fileRef = 1ADAD15B1D0F236E00B901DB /* Mp3Player.cpp */; };
		1ADAD1601D0F237E00B901DB /* VideoPlayer.cpp in Sources */ = {isa = PBXBuildFile; fileRef = 1ADAD15E1D0F237E00B901DB /* VideoPlayer.cpp */; };
		1ADAD1631D0F239200B901DB /* Messaging.cpp in Sources */ = {isa = PBXBuildFile; fileRef = 1ADAD1611D0F239200B901DB /* Messaging.cpp */; };
		1ADAD1661D0F239C00B901DB /* SmallMessaging.cpp in Sources */ = {isa = PBXBuildFile; fileRef = 1ADAD1641D0F239C00B901DB /* SmallMessaging.cpp */; };
		1ADAD1691D0F23B100B901DB /* MultimediaMessaging.cpp in Sources */ = {isa = PBXBuildFile; fileRef = 1ADAD1671D0F23B100B901DB /* MultimediaMessaging.cpp */; };
		1ADAD16C1D0F23B900B901DB /* Gameconsole.cpp in Sources */ = {isa = PBXBuildFile; fileRef = 1ADAD16A1D0F23B900B901DB /* Gameconsole.cpp */; };
		1ADAD16F1D0F23E000B901DB /* Dayplanner.cpp in Sources */ = {isa = PBXBuildFile; fileRef = 1ADAD16D1D0F23E000B901DB /* Dayplanner.cpp */; };
		1ADAD1721D0F23EB00B901DB /* EmailClient.cpp in Sources */ = {isa = PBXBuildFile; fileRef = 1ADAD1701D0F23EB00B901DB /* EmailClient.cpp */; };
		1ADAD1751D0F23F400B901DB /* Gmail.cpp in Sources */ = {isa = PBXBuildFile; fileRef = 1ADAD1731D0F23F400B901DB /* Gmail.cpp */; };
		1ADAD1781D0F23FC00B901DB /* Yahoo.cpp in Sources */ = {isa = PBXBuildFile; fileRef = 1ADAD1761D0F23FC00B901DB /* Yahoo.cpp */; };
		1ADAD17B1D106DF400B901DB /* StringFunctionExer.cpp in Sources */ = {isa = PBXBuildFile; fileRef = 1ADAD1791D106DF400B901DB /* StringFunctionExer.cpp */; };
		1ADF40851D0600D5009B69F3 /* Shape.cpp in Sources */ = {isa = PBXBuildFile; fileRef = 1ADF40831D0600D5009B69F3 /* Shape.cpp */; };
		1ADF40881D060326009B69F3 /* Rectangle.cpp in Sources */ = {isa = PBXBuildFile; fileRef = 1ADF40861D060326009B69F3 /* Rectangle.cpp */; };
		1ADF408B1D06041D009B69F3 /* Triangle.cpp in Sources */ = {isa = PBXBuildFile; fileRef = 1ADF40891D06041D009B69F3 /* Triangle.cpp */; };
		1ADF408E1D0604BD009B69F3 /* driverShape.cpp in Sources */ = {isa = PBXBuildFile; fileRef = 1ADF408C1D0604BD009B69F3 /* driverShape.cpp */; };
		1ADF40B21D0758AC009B69F3 /* DivideByZeroException.cpp in Sources */ = {isa = PBXBuildFile; fileRef = 1ADF40B01D0758AC009B69F3 /* DivideByZeroException.cpp */; };
		1ADF40B51D07596C009B69F3 /* driverExceptionExer.cpp in Sources */ = {isa = PBXBuildFile; fileRef = 1ADF40B31D07596C009B69F3 /* driverExceptionExer.cpp */; };
		1ADF40C21D08A365009B69F3 /* driverTemplateExer.cpp in Sources */ = {isa = PBXBuildFile; fileRef = 1ADF40C01D08A365009B69F3 /* driverTemplateExer.cpp */; };
		1ADF40C81D0A0036009B69F3 /* ListDriver.cpp in Sources */ = {isa = PBXBuildFile; fileRef = 1ADF40C61D0A0036009B69F3 /* ListDriver.cpp */; };
		1ADF40C91D0A0036009B69F3 /* TemplateClassDriver.cpp in Sources */ = {isa = PBXBuildFile; fileRef = 1ADF40C71D0A0036009B69F3 /* TemplateClassDriver.cpp */; };
		1AEC54BD1CE4FF33007E4D08 /* Assignment2.cpp in Sources */ = {isa = PBXBuildFile; fileRef = 1AEC54BB1CE4FF33007E4D08 /* Assignment2.cpp */; };
		1AEC54C01CE500AE007E4D08 /* ProductExer8.cpp in Sources */ = {isa = PBXBuildFile; fileRef = 1AEC54BE1CE500AE007E4D08 /* ProductExer8.cpp */; };
		1AEC54C31CE504E8007E4D08 /* DriverExer8.cpp in Sources */ = {isa = PBXBuildFile; fileRef = 1AEC54C11CE504E8007E4D08 /* DriverExer8.cpp */; };
		1AEC54C61CE50B56007E4D08 /* EmployeeExer8.cpp in Sources */ = {isa = PBXBuildFile; fileRef = 1AEC54C41CE50B56007E4D08 /* EmployeeExer8.cpp */; };
		1AEC54C91CE63D90007E4D08 /* Airplane.cpp in Sources */ = {isa = PBXBuildFile; fileRef = 1AEC54C71CE63D90007E4D08 /* Airplane.cpp */; };
		1AEC54CC1CEA44F9007E4D08 /* Exercise9.cpp in Sources */ = {isa = PBXBuildFile; fileRef = 1AEC54CA1CEA44F9007E4D08 /* Exercise9.cpp */; };
		1AEC54CF1CEA50AC007E4D08 /* ClassRoom.cpp in Sources */ = {isa = PBXBuildFile; fileRef = 1AEC54CD1CEA50AC007E4D08 /* ClassRoom.cpp */; };
/* End PBXBuildFile section */

/* Begin PBXCopyFilesBuildPhase section */
		1A39DBE01CD87DF9002E740D /* CopyFiles */ = {
			isa = PBXCopyFilesBuildPhase;
			buildActionMask = 2147483647;
			dstPath = /usr/share/man/man1/;
			dstSubfolderSpec = 0;
			files = (
			);
			runOnlyForDeploymentPostprocessing = 1;
		};
		1A565A3E1CFD2A5F000761B2 /* CopyFiles */ = {
			isa = PBXCopyFilesBuildPhase;
			buildActionMask = 2147483647;
			dstPath = "";
			dstSubfolderSpec = 16;
			files = (
				1AAC20211D0B4AD60020DAD5 /* inFile assignment5 copy.dat in CopyFiles */,
				1AAC20221D0B4AD60020DAD5 /* outFile assignment5 copy.dat in CopyFiles */,
				1AAC201D1D0B4A5C0020DAD5 /* inFile assignment5.txt in CopyFiles */,
				1AAC201E1D0B4A5C0020DAD5 /* outFile assignment5.txt in CopyFiles */,
				1A7DE6EE1CFFB14500C8FBEA /* ParkingData.dat in CopyFiles */,
				1A565A401CFD2A86000761B2 /* outFile.txt in CopyFiles */,
			);
			runOnlyForDeploymentPostprocessing = 0;
		};
/* End PBXCopyFilesBuildPhase section */

/* Begin PBXFileReference section */
		1A162F871CEB88F800F7C4EB /* Excercise10.cpp */ = {isa = PBXFileReference; fileEncoding = 4; lastKnownFileType = sourcecode.cpp.cpp; path = Excercise10.cpp; sourceTree = "<group>"; };
		1A162F881CEB88F800F7C4EB /* Excercise10.hpp */ = {isa = PBXFileReference; fileEncoding = 4; lastKnownFileType = sourcecode.cpp.h; path = Excercise10.hpp; sourceTree = "<group>"; };
		1A162F8A1CEB899600F7C4EB /* AccountExer10.cpp */ = {isa = PBXFileReference; fileEncoding = 4; lastKnownFileType = sourcecode.cpp.cpp; path = AccountExer10.cpp; sourceTree = "<group>"; };
		1A162F8B1CEB899600F7C4EB /* AccountExer10.hpp */ = {isa = PBXFileReference; fileEncoding = 4; lastKnownFileType = sourcecode.cpp.h; path = AccountExer10.hpp; sourceTree = "<group>"; };
		1A162F8D1CEBA60200F7C4EB /* AddressExer10.cpp */ = {isa = PBXFileReference; fileEncoding = 4; lastKnownFileType = sourcecode.cpp.cpp; path = AddressExer10.cpp; sourceTree = "<group>"; };
		1A162F8E1CEBA60200F7C4EB /* AddressExer10.hpp */ = {isa = PBXFileReference; fileEncoding = 4; lastKnownFileType = sourcecode.cpp.h; path = AddressExer10.hpp; sourceTree = "<group>"; };
		1A162F901CEBA61A00F7C4EB /* DepartmentExer10.cpp */ = {isa = PBXFileReference; fileEncoding = 4; lastKnownFileType = sourcecode.cpp.cpp; path = DepartmentExer10.cpp; sourceTree = "<group>"; };
		1A162F911CEBA61A00F7C4EB /* DepartmentExer10.hpp */ = {isa = PBXFileReference; fileEncoding = 4; lastKnownFileType = sourcecode.cpp.h; path = DepartmentExer10.hpp; sourceTree = "<group>"; };
		1A39DBE21CD87DF9002E740D /* CPlusPlus */ = {isa = PBXFileReference; explicitFileType = "compiled.mach-o.executable"; includeInIndex = 0; path = CPlusPlus; sourceTree = BUILT_PRODUCTS_DIR; };
		1A39DBE51CD87DF9002E740D /* main.cpp */ = {isa = PBXFileReference; lastKnownFileType = sourcecode.cpp.cpp; path = main.cpp; sourceTree = "<group>"; };
		1A39DBEC1CD87EB1002E740D /* HomeWork.cpp */ = {isa = PBXFileReference; fileEncoding = 4; lastKnownFileType = sourcecode.cpp.cpp; path = HomeWork.cpp; sourceTree = "<group>"; };
		1A39DBED1CD87EB1002E740D /* HomeWork.hpp */ = {isa = PBXFileReference; fileEncoding = 4; lastKnownFileType = sourcecode.cpp.h; path = HomeWork.hpp; sourceTree = "<group>"; };
		1A39DBEF1CD90C92002E740D /* FirstExer.cpp */ = {isa = PBXFileReference; fileEncoding = 4; lastKnownFileType = sourcecode.cpp.cpp; path = FirstExer.cpp; sourceTree = "<group>"; };
		1A39DBF01CD90C92002E740D /* FirstExer.hpp */ = {isa = PBXFileReference; fileEncoding = 4; lastKnownFileType = sourcecode.cpp.h; path = FirstExer.hpp; sourceTree = "<group>"; };
		1A565A1A1CF60A68000761B2 /* GlobalNumberExer.cpp */ = {isa = PBXFileReference; fileEncoding = 4; lastKnownFileType = sourcecode.cpp.cpp; path = GlobalNumberExer.cpp; sourceTree = "<group>"; };
		1A565A1B1CF60A68000761B2 /* GlobalNumberExer.hpp */ = {isa = PBXFileReference; fileEncoding = 4; lastKnownFileType = sourcecode.cpp.h; path = GlobalNumberExer.hpp; sourceTree = "<group>"; };
		1A565A1D1CF77600000761B2 /* Class15.cpp */ = {isa = PBXFileReference; fileEncoding = 4; lastKnownFileType = sourcecode.cpp.cpp; path = Class15.cpp; sourceTree = "<group>"; };
		1A565A1E1CF77600000761B2 /* Class15.hpp */ = {isa = PBXFileReference; fileEncoding = 4; lastKnownFileType = sourcecode.cpp.h; path = Class15.hpp; sourceTree = "<group>"; };
		1A565A231CF8AEE7000761B2 /* VectorsExer.cpp */ = {isa = PBXFileReference; fileEncoding = 4; lastKnownFileType = sourcecode.cpp.cpp; path = VectorsExer.cpp; sourceTree = "<group>"; };
		1A565A241CF8AEE7000761B2 /* VectorsExer.hpp */ = {isa = PBXFileReference; fileEncoding = 4; lastKnownFileType = sourcecode.cpp.h; path = VectorsExer.hpp; sourceTree = "<group>"; };
		1A565A2B1CFCA979000761B2 /* ProtectedExer.cpp */ = {isa = PBXFileReference; fileEncoding = 4; lastKnownFileType = sourcecode.cpp.cpp; path = ProtectedExer.cpp; sourceTree = "<group>"; };
		1A565A2C1CFCA979000761B2 /* ProtectedExer.hpp */ = {isa = PBXFileReference; fileEncoding = 4; lastKnownFileType = sourcecode.cpp.h; path = ProtectedExer.hpp; sourceTree = "<group>"; };
		1A565A2E1CFCA9F3000761B2 /* House.cpp */ = {isa = PBXFileReference; fileEncoding = 4; lastKnownFileType = sourcecode.cpp.cpp; path = House.cpp; sourceTree = "<group>"; };
		1A565A2F1CFCA9F3000761B2 /* House.hpp */ = {isa = PBXFileReference; fileEncoding = 4; lastKnownFileType = sourcecode.cpp.h; path = House.hpp; sourceTree = "<group>"; };
		1A565A311CFCAA98000761B2 /* Apartment.cpp */ = {isa = PBXFileReference; fileEncoding = 4; lastKnownFileType = sourcecode.cpp.cpp; path = Apartment.cpp; sourceTree = "<group>"; };
		1A565A321CFCAA98000761B2 /* Apartment.hpp */ = {isa = PBXFileReference; fileEncoding = 4; lastKnownFileType = sourcecode.cpp.h; path = Apartment.hpp; sourceTree = "<group>"; };
		1A565A341CFCD005000761B2 /* DateAssignmet4.cpp */ = {isa = PBXFileReference; fileEncoding = 4; lastKnownFileType = sourcecode.cpp.cpp; path = DateAssignmet4.cpp; sourceTree = "<group>"; };
		1A565A351CFCD005000761B2 /* DateAssignmet4.hpp */ = {isa = PBXFileReference; fileEncoding = 4; lastKnownFileType = sourcecode.cpp.h; path = DateAssignmet4.hpp; sourceTree = "<group>"; };
		1A565A371CFCD013000761B2 /* PhoneAssignment4.cpp */ = {isa = PBXFileReference; fileEncoding = 4; lastKnownFileType = sourcecode.cpp.cpp; path = PhoneAssignment4.cpp; sourceTree = "<group>"; };
		1A565A381CFCD013000761B2 /* PhoneAssignment4.hpp */ = {isa = PBXFileReference; fileEncoding = 4; lastKnownFileType = sourcecode.cpp.h; path = PhoneAssignment4.hpp; sourceTree = "<group>"; };
		1A565A3A1CFCE123000761B2 /* driverAssignment4.cpp */ = {isa = PBXFileReference; fileEncoding = 4; lastKnownFileType = sourcecode.cpp.cpp; path = driverAssignment4.cpp; sourceTree = "<group>"; };
		1A565A3B1CFCE123000761B2 /* driverAssignment4.hpp */ = {isa = PBXFileReference; fileEncoding = 4; lastKnownFileType = sourcecode.cpp.h; path = driverAssignment4.hpp; sourceTree = "<group>"; };
		1A565A3F1CFD2A86000761B2 /* outFile.txt */ = {isa = PBXFileReference; lastKnownFileType = text; name = outFile.txt; path = CPlusPlus/outFile.txt; sourceTree = "<group>"; };
		1A565A411CFDF2F0000761B2 /* driverMidterm.cpp */ = {isa = PBXFileReference; fileEncoding = 4; lastKnownFileType = sourcecode.cpp.cpp; path = driverMidterm.cpp; sourceTree = "<group>"; };
		1A565A421CFDF2F0000761B2 /* driverMidterm.hpp */ = {isa = PBXFileReference; fileEncoding = 4; lastKnownFileType = sourcecode.cpp.h; path = driverMidterm.hpp; sourceTree = "<group>"; };
		1A565A441CFDF332000761B2 /* CarMidterm.cpp */ = {isa = PBXFileReference; fileEncoding = 4; lastKnownFileType = sourcecode.cpp.cpp; path = CarMidterm.cpp; sourceTree = "<group>"; };
		1A565A451CFDF332000761B2 /* CarMidterm.hpp */ = {isa = PBXFileReference; fileEncoding = 4; lastKnownFileType = sourcecode.cpp.h; path = CarMidterm.hpp; sourceTree = "<group>"; };
		1A565A471CFDF462000761B2 /* TechInforMidterm.cpp */ = {isa = PBXFileReference; fileEncoding = 4; lastKnownFileType = sourcecode.cpp.cpp; path = TechInforMidterm.cpp; sourceTree = "<group>"; };
		1A565A481CFDF462000761B2 /* TechInforMidterm.hpp */ = {isa = PBXFileReference; fileEncoding = 4; lastKnownFileType = sourcecode.cpp.h; path = TechInforMidterm.hpp; sourceTree = "<group>"; };
		1A565A4E1CFF63C1000761B2 /* ParkingSpot.cpp */ = {isa = PBXFileReference; fileEncoding = 4; lastKnownFileType = sourcecode.cpp.cpp; path = ParkingSpot.cpp; sourceTree = "<group>"; };
		1A565A4F1CFF63C1000761B2 /* ParkingSpot.hpp */ = {isa = PBXFileReference; fileEncoding = 4; lastKnownFileType = sourcecode.cpp.h; path = ParkingSpot.hpp; sourceTree = "<group>"; };
		1A565A511CFF63DE000761B2 /* ParkingClient.cpp */ = {isa = PBXFileReference; fileEncoding = 4; lastKnownFileType = sourcecode.cpp.cpp; path = ParkingClient.cpp; sourceTree = "<group>"; };
		1A565A521CFF63DE000761B2 /* ParkingClient.hpp */ = {isa = PBXFileReference; fileEncoding = 4; lastKnownFileType = sourcecode.cpp.h; path = ParkingClient.hpp; sourceTree = "<group>"; };
		1A565A541CFF63EF000761B2 /* driverParkingExer.cpp */ = {isa = PBXFileReference; fileEncoding = 4; lastKnownFileType = sourcecode.cpp.cpp; path = driverParkingExer.cpp; sourceTree = "<group>"; };
		1A565A551CFF63EF000761B2 /* driverParkingExer.hpp */ = {isa = PBXFileReference; fileEncoding = 4; lastKnownFileType = sourcecode.cpp.h; path = driverParkingExer.hpp; sourceTree = "<group>"; };
		1A6C41D11CE3A17100581A20 /* Exercise7.cpp */ = {isa = PBXFileReference; fileEncoding = 4; lastKnownFileType = sourcecode.cpp.cpp; path = Exercise7.cpp; sourceTree = "<group>"; };
		1A6C41D21CE3A17100581A20 /* Exercise7.hpp */ = {isa = PBXFileReference; fileEncoding = 4; lastKnownFileType = sourcecode.cpp.h; path = Exercise7.hpp; sourceTree = "<group>"; };
		1A7DE6ED1CFFB14500C8FBEA /* ParkingData.dat */ = {isa = PBXFileReference; lastKnownFileType = text; name = ParkingData.dat; path = CPlusPlus/ParkingData.dat; sourceTree = "<group>"; };
		1A85B4551D01F2B30027047B /* driverPolymorphism.cpp */ = {isa = PBXFileReference; fileEncoding = 4; lastKnownFileType = sourcecode.cpp.cpp; path = driverPolymorphism.cpp; sourceTree = "<group>"; };
		1A85B4561D01F2B30027047B /* driverPolymorphism.hpp */ = {isa = PBXFileReference; fileEncoding = 4; lastKnownFileType = sourcecode.cpp.h; path = driverPolymorphism.hpp; sourceTree = "<group>"; };
		1A9C40321CECF993007D6A8D /* BedExer11.cpp */ = {isa = PBXFileReference; fileEncoding = 4; lastKnownFileType = sourcecode.cpp.cpp; path = BedExer11.cpp; sourceTree = "<group>"; };
		1A9C40331CECF993007D6A8D /* BedExer11.hpp */ = {isa = PBXFileReference; fileEncoding = 4; lastKnownFileType = sourcecode.cpp.h; path = BedExer11.hpp; sourceTree = "<group>"; };
		1A9C40351CECFD76007D6A8D /* BunkBed.cpp */ = {isa = PBXFileReference; fileEncoding = 4; lastKnownFileType = sourcecode.cpp.cpp; path = BunkBed.cpp; sourceTree = "<group>"; };
		1A9C40361CECFD76007D6A8D /* BunkBed.hpp */ = {isa = PBXFileReference; fileEncoding = 4; lastKnownFileType = sourcecode.cpp.h; path = BunkBed.hpp; sourceTree = "<group>"; };
		1A9C40381CED186E007D6A8D /* Exer11.cpp */ = {isa = PBXFileReference; fileEncoding = 4; lastKnownFileType = sourcecode.cpp.cpp; path = Exer11.cpp; sourceTree = "<group>"; };
		1A9C40391CED186E007D6A8D /* Exer11.hpp */ = {isa = PBXFileReference; fileEncoding = 4; lastKnownFileType = sourcecode.cpp.h; path = Exer11.hpp; sourceTree = "<group>"; };
		1A9C403B1CED42F7007D6A8D /* DayBed.cpp */ = {isa = PBXFileReference; fileEncoding = 4; lastKnownFileType = sourcecode.cpp.cpp; path = DayBed.cpp; sourceTree = "<group>"; };
		1A9C403C1CED42F7007D6A8D /* DayBed.hpp */ = {isa = PBXFileReference; fileEncoding = 4; lastKnownFileType = sourcecode.cpp.h; path = DayBed.hpp; sourceTree = "<group>"; };
		1A9C404A1CEF9306007D6A8D /* VehicleAssignment.cpp */ = {isa = PBXFileReference; fileEncoding = 4; lastKnownFileType = sourcecode.cpp.cpp; path = VehicleAssignment.cpp; sourceTree = "<group>"; };
		1A9C404B1CEF9306007D6A8D /* VehicleAssignment.hpp */ = {isa = PBXFileReference; fileEncoding = 4; lastKnownFileType = sourcecode.cpp.h; path = VehicleAssignment.hpp; sourceTree = "<group>"; };
		1A9C404D1CEF96F6007D6A8D /* TruckAssignment.cpp */ = {isa = PBXFileReference; fileEncoding = 4; lastKnownFileType = sourcecode.cpp.cpp; path = TruckAssignment.cpp; sourceTree = "<group>"; };
		1A9C404E1CEF96F6007D6A8D /* TruckAssignment.hpp */ = {isa = PBXFileReference; fileEncoding = 4; lastKnownFileType = sourcecode.cpp.h; path = TruckAssignment.hpp; sourceTree = "<group>"; };
		1A9C40501CEFB20F007D6A8D /* DutyTruckAssignment.cpp */ = {isa = PBXFileReference; fileEncoding = 4; lastKnownFileType = sourcecode.cpp.cpp; path = DutyTruckAssignment.cpp; sourceTree = "<group>"; };
		1A9C40511CEFB20F007D6A8D /* DutyTruckAssignment.hpp */ = {isa = PBXFileReference; fileEncoding = 4; lastKnownFileType = sourcecode.cpp.h; path = DutyTruckAssignment.hpp; sourceTree = "<group>"; };
		1A9C40531CEFB5C8007D6A8D /* PickUpTruckAssignment.cpp */ = {isa = PBXFileReference; fileEncoding = 4; lastKnownFileType = sourcecode.cpp.cpp; path = PickUpTruckAssignment.cpp; sourceTree = "<group>"; };
		1A9C40541CEFB5C8007D6A8D /* PickUpTruckAssignment.hpp */ = {isa = PBXFileReference; fileEncoding = 4; lastKnownFileType = sourcecode.cpp.h; path = PickUpTruckAssignment.hpp; sourceTree = "<group>"; };
		1A9C40561CEFB7FE007D6A8D /* PassengerAssignment.cpp */ = {isa = PBXFileReference; fileEncoding = 4; lastKnownFileType = sourcecode.cpp.cpp; path = PassengerAssignment.cpp; sourceTree = "<group>"; };
		1A9C40571CEFB7FE007D6A8D /* PassengerAssignment.hpp */ = {isa = PBXFileReference; fileEncoding = 4; lastKnownFileType = sourcecode.cpp.h; path = PassengerAssignment.hpp; sourceTree = "<group>"; };
		1A9C40591CEFBA2A007D6A8D /* driverAssignment3.cpp */ = {isa = PBXFileReference; fileEncoding = 4; lastKnownFileType = sourcecode.cpp.cpp; path = driverAssignment3.cpp; sourceTree = "<group>"; };
		1A9C405A1CEFBA2A007D6A8D /* driverAssignment3.hpp */ = {isa = PBXFileReference; fileEncoding = 4; lastKnownFileType = sourcecode.cpp.h; path = driverAssignment3.hpp; sourceTree = "<group>"; };
		1AAC20181D0B2CD80020DAD5 /* driverAssignment5.cpp */ = {isa = PBXFileReference; fileEncoding = 4; lastKnownFileType = sourcecode.cpp.cpp; path = driverAssignment5.cpp; sourceTree = "<group>"; };
		1AAC20191D0B2CD80020DAD5 /* driverAssignment5.hpp */ = {isa = PBXFileReference; fileEncoding = 4; lastKnownFileType = sourcecode.cpp.h; path = driverAssignment5.hpp; sourceTree = "<group>"; };
		1AAC201B1D0B4A5C0020DAD5 /* inFile assignment5.txt */ = {isa = PBXFileReference; lastKnownFileType = text; name = "inFile assignment5.txt"; path = "CPlusPlus/inFile assignment5.txt"; sourceTree = "<group>"; };
		1AAC201C1D0B4A5C0020DAD5 /* outFile assignment5.txt */ = {isa = PBXFileReference; lastKnownFileType = text; name = "outFile assignment5.txt"; path = "CPlusPlus/outFile assignment5.txt"; sourceTree = "<group>"; };
		1AAC201F1D0B4AD60020DAD5 /* inFile assignment5 copy.dat */ = {isa = PBXFileReference; lastKnownFileType = text; name = "inFile assignment5 copy.dat"; path = "CPlusPlus/inFile assignment5 copy.dat"; sourceTree = "<group>"; };
		1AAC20201D0B4AD60020DAD5 /* outFile assignment5 copy.dat */ = {isa = PBXFileReference; lastKnownFileType = text; name = "outFile assignment5 copy.dat"; path = "CPlusPlus/outFile assignment5 copy.dat"; sourceTree = "<group>"; };
		1AAC5DEA1CDA595D00F62C01 /* Exerceise2.cpp */ = {isa = PBXFileReference; fileEncoding = 4; lastKnownFileType = sourcecode.cpp.cpp; path = Exerceise2.cpp; sourceTree = "<group>"; };
		1AAC5DEB1CDA595D00F62C01 /* Exerceise2.hpp */ = {isa = PBXFileReference; fileEncoding = 4; lastKnownFileType = sourcecode.cpp.h; path = Exerceise2.hpp; sourceTree = "<group>"; };
		1AAC5DF01CDA9B7C00F62C01 /* HomeWorkExer2.cpp */ = {isa = PBXFileReference; fileEncoding = 4; lastKnownFileType = sourcecode.cpp.cpp; path = HomeWorkExer2.cpp; sourceTree = "<group>"; };
		1AAC5DF11CDA9B7C00F62C01 /* HomeWorkExer2.hpp */ = {isa = PBXFileReference; fileEncoding = 4; lastKnownFileType = sourcecode.cpp.h; path = HomeWorkExer2.hpp; sourceTree = "<group>"; };
		1AAC5E0C1CDBB36700F62C01 /* Exercise3.cpp */ = {isa = PBXFileReference; fileEncoding = 4; lastKnownFileType = sourcecode.cpp.cpp; path = Exercise3.cpp; sourceTree = "<group>"; };
		1AAC5E0D1CDBB36700F62C01 /* Exercise3.hpp */ = {isa = PBXFileReference; fileEncoding = 4; lastKnownFileType = sourcecode.cpp.h; path = Exercise3.hpp; sourceTree = "<group>"; };
		1AAC5E0F1CDCFD1400F62C01 /* Exercise4.cpp */ = {isa = PBXFileReference; fileEncoding = 4; lastKnownFileType = sourcecode.cpp.cpp; path = Exercise4.cpp; sourceTree = "<group>"; };
		1AAC5E101CDCFD1400F62C01 /* Exercise4.hpp */ = {isa = PBXFileReference; fileEncoding = 4; lastKnownFileType = sourcecode.cpp.h; path = Exercise4.hpp; sourceTree = "<group>"; };
		1AAC5E121CDD263100F62C01 /* Assignment1.cpp */ = {isa = PBXFileReference; fileEncoding = 4; lastKnownFileType = sourcecode.cpp.cpp; path = Assignment1.cpp; sourceTree = "<group>"; };
		1AAC5E131CDD263100F62C01 /* Assignment1.hpp */ = {isa = PBXFileReference; fileEncoding = 4; lastKnownFileType = sourcecode.cpp.h; path = Assignment1.hpp; sourceTree = "<group>"; };
		1AAC5E151CE0F81900F62C01 /* Exercise5.cpp */ = {isa = PBXFileReference; fileEncoding = 4; lastKnownFileType = sourcecode.cpp.cpp; path = Exercise5.cpp; sourceTree = "<group>"; };
		1AAC5E161CE0F81900F62C01 /* Exercise5.hpp */ = {isa = PBXFileReference; fileEncoding = 4; lastKnownFileType = sourcecode.cpp.h; path = Exercise5.hpp; sourceTree = "<group>"; };
		1AAC5E181CE249AF00F62C01 /* Exercise6.cpp */ = {isa = PBXFileReference; fileEncoding = 4; lastKnownFileType = sourcecode.cpp.cpp; path = Exercise6.cpp; sourceTree = "<group>"; };
		1AAC5E191CE249AF00F62C01 /* Exercise6.hpp */ = {isa = PBXFileReference; fileEncoding = 4; lastKnownFileType = sourcecode.cpp.h; path = Exercise6.hpp; sourceTree = "<group>"; };
		1ADAD1491D0F1EE700B901DB /* Service.cpp */ = {isa = PBXFileReference; fileEncoding = 4; lastKnownFileType = sourcecode.cpp.cpp; path = Service.cpp; sourceTree = "<group>"; };
		1ADAD14A1D0F1EE700B901DB /* Service.hpp */ = {isa = PBXFileReference; fileEncoding = 4; lastKnownFileType = sourcecode.cpp.h; path = Service.hpp; sourceTree = "<group>"; };
		1ADAD14C1D0F1EFE00B901DB /* Phone.cpp */ = {isa = PBXFileReference; fileEncoding = 4; lastKnownFileType = sourcecode.cpp.cpp; path = Phone.cpp; sourceTree = "<group>"; };
		1ADAD14D1D0F1EFE00B901DB /* Phone.hpp */ = {isa = PBXFileReference; fileEncoding = 4; lastKnownFileType = sourcecode.cpp.h; path = Phone.hpp; sourceTree = "<group>"; };
		1ADAD14F1D0F1F1A00B901DB /* Camera.cpp */ = {isa = PBXFileReference; fileEncoding = 4; lastKnownFileType = sourcecode.cpp.cpp; path = Camera.cpp; sourceTree = "<group>"; };
		1ADAD1501D0F1F1A00B901DB /* Camera.hpp */ = {isa = PBXFileReference; fileEncoding = 4; lastKnownFileType = sourcecode.cpp.h; path = Camera.hpp; sourceTree = "<group>"; };
		1ADAD1521D0F1F2B00B901DB /* VideoCamera.cpp */ = {isa = PBXFileReference; fileEncoding = 4; lastKnownFileType = sourcecode.cpp.cpp; path = VideoCamera.cpp; sourceTree = "<group>"; };
		1ADAD1531D0F1F2B00B901DB /* VideoCamera.hpp */ = {isa = PBXFileReference; fileEncoding = 4; lastKnownFileType = sourcecode.cpp.h; path = VideoCamera.hpp; sourceTree = "<group>"; };
		1ADAD1551D0F235500B901DB /* PictureCamera.cpp */ = {isa = PBXFileReference; fileEncoding = 4; lastKnownFileType = sourcecode.cpp.cpp; path = PictureCamera.cpp; sourceTree = "<group>"; };
		1ADAD1561D0F235500B901DB /* PictureCamera.hpp */ = {isa = PBXFileReference; fileEncoding = 4; lastKnownFileType = sourcecode.cpp.h; path = PictureCamera.hpp; sourceTree = "<group>"; };
		1ADAD1581D0F236100B901DB /* Player.cpp */ = {isa = PBXFileReference; fileEncoding = 4; lastKnownFileType = sourcecode.cpp.cpp; path = Player.cpp; sourceTree = "<group>"; };
		1ADAD1591D0F236100B901DB /* Player.hpp */ = {isa = PBXFileReference; fileEncoding = 4; lastKnownFileType = sourcecode.cpp.h; path = Player.hpp; sourceTree = "<group>"; };
		1ADAD15B1D0F236E00B901DB /* Mp3Player.cpp */ = {isa = PBXFileReference; fileEncoding = 4; lastKnownFileType = sourcecode.cpp.cpp; path = Mp3Player.cpp; sourceTree = "<group>"; };
		1ADAD15C1D0F236E00B901DB /* Mp3Player.hpp */ = {isa = PBXFileReference; fileEncoding = 4; lastKnownFileType = sourcecode.cpp.h; path = Mp3Player.hpp; sourceTree = "<group>"; };
		1ADAD15E1D0F237E00B901DB /* VideoPlayer.cpp */ = {isa = PBXFileReference; fileEncoding = 4; lastKnownFileType = sourcecode.cpp.cpp; path = VideoPlayer.cpp; sourceTree = "<group>"; };
		1ADAD15F1D0F237E00B901DB /* VideoPlayer.hpp */ = {isa = PBXFileReference; fileEncoding = 4; lastKnownFileType = sourcecode.cpp.h; path = VideoPlayer.hpp; sourceTree = "<group>"; };
		1ADAD1611D0F239200B901DB /* Messaging.cpp */ = {isa = PBXFileReference; fileEncoding = 4; lastKnownFileType = sourcecode.cpp.cpp; path = Messaging.cpp; sourceTree = "<group>"; };
		1ADAD1621D0F239200B901DB /* Messaging.hpp */ = {isa = PBXFileReference; fileEncoding = 4; lastKnownFileType = sourcecode.cpp.h; path = Messaging.hpp; sourceTree = "<group>"; };
		1ADAD1641D0F239C00B901DB /* SmallMessaging.cpp */ = {isa = PBXFileReference; fileEncoding = 4; lastKnownFileType = sourcecode.cpp.cpp; path = SmallMessaging.cpp; sourceTree = "<group>"; };
		1ADAD1651D0F239C00B901DB /* SmallMessaging.hpp */ = {isa = PBXFileReference; fileEncoding = 4; lastKnownFileType = sourcecode.cpp.h; path = SmallMessaging.hpp; sourceTree = "<group>"; };
		1ADAD1671D0F23B100B901DB /* MultimediaMessaging.cpp */ = {isa = PBXFileReference; fileEncoding = 4; lastKnownFileType = sourcecode.cpp.cpp; path = MultimediaMessaging.cpp; sourceTree = "<group>"; };
		1ADAD1681D0F23B100B901DB /* MultimediaMessaging.hpp */ = {isa = PBXFileReference; fileEncoding = 4; lastKnownFileType = sourcecode.cpp.h; path = MultimediaMessaging.hpp; sourceTree = "<group>"; };
		1ADAD16A1D0F23B900B901DB /* Gameconsole.cpp */ = {isa = PBXFileReference; fileEncoding = 4; lastKnownFileType = sourcecode.cpp.cpp; path = Gameconsole.cpp; sourceTree = "<group>"; };
		1ADAD16B1D0F23B900B901DB /* Gameconsole.hpp */ = {isa = PBXFileReference; fileEncoding = 4; lastKnownFileType = sourcecode.cpp.h; path = Gameconsole.hpp; sourceTree = "<group>"; };
		1ADAD16D1D0F23E000B901DB /* Dayplanner.cpp */ = {isa = PBXFileReference; fileEncoding = 4; lastKnownFileType = sourcecode.cpp.cpp; path = Dayplanner.cpp; sourceTree = "<group>"; };
		1ADAD16E1D0F23E000B901DB /* Dayplanner.hpp */ = {isa = PBXFileReference; fileEncoding = 4; lastKnownFileType = sourcecode.cpp.h; path = Dayplanner.hpp; sourceTree = "<group>"; };
		1ADAD1701D0F23EB00B901DB /* EmailClient.cpp */ = {isa = PBXFileReference; fileEncoding = 4; lastKnownFileType = sourcecode.cpp.cpp; path = EmailClient.cpp; sourceTree = "<group>"; };
		1ADAD1711D0F23EB00B901DB /* EmailClient.hpp */ = {isa = PBXFileReference; fileEncoding = 4; lastKnownFileType = sourcecode.cpp.h; path = EmailClient.hpp; sourceTree = "<group>"; };
		1ADAD1731D0F23F400B901DB /* Gmail.cpp */ = {isa = PBXFileReference; fileEncoding = 4; lastKnownFileType = sourcecode.cpp.cpp; path = Gmail.cpp; sourceTree = "<group>"; };
		1ADAD1741D0F23F400B901DB /* Gmail.hpp */ = {isa = PBXFileReference; fileEncoding = 4; lastKnownFileType = sourcecode.cpp.h; path = Gmail.hpp; sourceTree = "<group>"; };
		1ADAD1761D0F23FC00B901DB /* Yahoo.cpp */ = {isa = PBXFileReference; fileEncoding = 4; lastKnownFileType = sourcecode.cpp.cpp; path = Yahoo.cpp; sourceTree = "<group>"; };
		1ADAD1771D0F23FC00B901DB /* Yahoo.hpp */ = {isa = PBXFileReference; fileEncoding = 4; lastKnownFileType = sourcecode.cpp.h; path = Yahoo.hpp; sourceTree = "<group>"; };
		1ADAD1791D106DF400B901DB /* StringFunctionExer.cpp */ = {isa = PBXFileReference; fileEncoding = 4; lastKnownFileType = sourcecode.cpp.cpp; path = StringFunctionExer.cpp; sourceTree = "<group>"; };
		1ADAD17A1D106DF400B901DB /* StringFunctionExer.hpp */ = {isa = PBXFileReference; fileEncoding = 4; lastKnownFileType = sourcecode.cpp.h; path = StringFunctionExer.hpp; sourceTree = "<group>"; };
		1ADF40831D0600D5009B69F3 /* Shape.cpp */ = {isa = PBXFileReference; fileEncoding = 4; lastKnownFileType = sourcecode.cpp.cpp; path = Shape.cpp; sourceTree = "<group>"; };
		1ADF40841D0600D5009B69F3 /* Shape.hpp */ = {isa = PBXFileReference; fileEncoding = 4; lastKnownFileType = sourcecode.cpp.h; path = Shape.hpp; sourceTree = "<group>"; };
		1ADF40861D060326009B69F3 /* Rectangle.cpp */ = {isa = PBXFileReference; fileEncoding = 4; lastKnownFileType = sourcecode.cpp.cpp; path = Rectangle.cpp; sourceTree = "<group>"; };
		1ADF40871D060326009B69F3 /* Rectangle.hpp */ = {isa = PBXFileReference; fileEncoding = 4; lastKnownFileType = sourcecode.cpp.h; path = Rectangle.hpp; sourceTree = "<group>"; };
		1ADF40891D06041D009B69F3 /* Triangle.cpp */ = {isa = PBXFileReference; fileEncoding = 4; lastKnownFileType = sourcecode.cpp.cpp; path = Triangle.cpp; sourceTree = "<group>"; };
		1ADF408A1D06041D009B69F3 /* Triangle.hpp */ = {isa = PBXFileReference; fileEncoding = 4; lastKnownFileType = sourcecode.cpp.h; path = Triangle.hpp; sourceTree = "<group>"; };
		1ADF408C1D0604BD009B69F3 /* driverShape.cpp */ = {isa = PBXFileReference; fileEncoding = 4; lastKnownFileType = sourcecode.cpp.cpp; path = driverShape.cpp; sourceTree = "<group>"; };
		1ADF408D1D0604BD009B69F3 /* driverShape.hpp */ = {isa = PBXFileReference; fileEncoding = 4; lastKnownFileType = sourcecode.cpp.h; path = driverShape.hpp; sourceTree = "<group>"; };
		1ADF40B01D0758AC009B69F3 /* DivideByZeroException.cpp */ = {isa = PBXFileReference; fileEncoding = 4; lastKnownFileType = sourcecode.cpp.cpp; path = DivideByZeroException.cpp; sourceTree = "<group>"; };
		1ADF40B11D0758AC009B69F3 /* DivideByZeroException.hpp */ = {isa = PBXFileReference; fileEncoding = 4; lastKnownFileType = sourcecode.cpp.h; path = DivideByZeroException.hpp; sourceTree = "<group>"; };
		1ADF40B31D07596C009B69F3 /* driverExceptionExer.cpp */ = {isa = PBXFileReference; fileEncoding = 4; lastKnownFileType = sourcecode.cpp.cpp; path = driverExceptionExer.cpp; sourceTree = "<group>"; };
		1ADF40B41D07596C009B69F3 /* driverExceptionExer.hpp */ = {isa = PBXFileReference; fileEncoding = 4; lastKnownFileType = sourcecode.cpp.h; path = driverExceptionExer.hpp; sourceTree = "<group>"; };
		1ADF40C01D08A365009B69F3 /* driverTemplateExer.cpp */ = {isa = PBXFileReference; fileEncoding = 4; lastKnownFileType = sourcecode.cpp.cpp; path = driverTemplateExer.cpp; sourceTree = "<group>"; };
		1ADF40C11D08A365009B69F3 /* driverTemplateExer.hpp */ = {isa = PBXFileReference; fileEncoding = 4; lastKnownFileType = sourcecode.cpp.h; path = driverTemplateExer.hpp; sourceTree = "<group>"; };
		1ADF40C31D0A002C009B69F3 /* List.h */ = {isa = PBXFileReference; lastKnownFileType = sourcecode.c.h; path = List.h; sourceTree = "<group>"; };
		1ADF40C41D0A002C009B69F3 /* ListNode.h */ = {isa = PBXFileReference; lastKnownFileType = sourcecode.c.h; path = ListNode.h; sourceTree = "<group>"; };
		1ADF40C51D0A002C009B69F3 /* TemplateClass.h */ = {isa = PBXFileReference; lastKnownFileType = sourcecode.c.h; path = TemplateClass.h; sourceTree = "<group>"; };
		1ADF40C61D0A0036009B69F3 /* ListDriver.cpp */ = {isa = PBXFileReference; fileEncoding = 4; lastKnownFileType = sourcecode.cpp.cpp; path = ListDriver.cpp; sourceTree = "<group>"; };
		1ADF40C71D0A0036009B69F3 /* TemplateClassDriver.cpp */ = {isa = PBXFileReference; fileEncoding = 4; lastKnownFileType = sourcecode.cpp.cpp; path = TemplateClassDriver.cpp; sourceTree = "<group>"; };
		1AEC54BB1CE4FF33007E4D08 /* Assignment2.cpp */ = {isa = PBXFileReference; fileEncoding = 4; lastKnownFileType = sourcecode.cpp.cpp; path = Assignment2.cpp; sourceTree = "<group>"; };
		1AEC54BC1CE4FF33007E4D08 /* Assignment2.hpp */ = {isa = PBXFileReference; fileEncoding = 4; lastKnownFileType = sourcecode.cpp.h; path = Assignment2.hpp; sourceTree = "<group>"; };
		1AEC54BE1CE500AE007E4D08 /* ProductExer8.cpp */ = {isa = PBXFileReference; fileEncoding = 4; lastKnownFileType = sourcecode.cpp.cpp; path = ProductExer8.cpp; sourceTree = "<group>"; };
		1AEC54BF1CE500AE007E4D08 /* ProductExer8.hpp */ = {isa = PBXFileReference; fileEncoding = 4; lastKnownFileType = sourcecode.cpp.h; path = ProductExer8.hpp; sourceTree = "<group>"; };
		1AEC54C11CE504E8007E4D08 /* DriverExer8.cpp */ = {isa = PBXFileReference; fileEncoding = 4; lastKnownFileType = sourcecode.cpp.cpp; path = DriverExer8.cpp; sourceTree = "<group>"; };
		1AEC54C21CE504E8007E4D08 /* DriverExer8.hpp */ = {isa = PBXFileReference; fileEncoding = 4; lastKnownFileType = sourcecode.cpp.h; path = DriverExer8.hpp; sourceTree = "<group>"; };
		1AEC54C41CE50B56007E4D08 /* EmployeeExer8.cpp */ = {isa = PBXFileReference; fileEncoding = 4; lastKnownFileType = sourcecode.cpp.cpp; path = EmployeeExer8.cpp; sourceTree = "<group>"; };
		1AEC54C51CE50B56007E4D08 /* EmployeeExer8.hpp */ = {isa = PBXFileReference; fileEncoding = 4; lastKnownFileType = sourcecode.cpp.h; path = EmployeeExer8.hpp; sourceTree = "<group>"; };
		1AEC54C71CE63D90007E4D08 /* Airplane.cpp */ = {isa = PBXFileReference; fileEncoding = 4; lastKnownFileType = sourcecode.cpp.cpp; path = Airplane.cpp; sourceTree = "<group>"; };
		1AEC54C81CE63D90007E4D08 /* Airplane.hpp */ = {isa = PBXFileReference; fileEncoding = 4; lastKnownFileType = sourcecode.cpp.h; path = Airplane.hpp; sourceTree = "<group>"; };
		1AEC54CA1CEA44F9007E4D08 /* Exercise9.cpp */ = {isa = PBXFileReference; fileEncoding = 4; lastKnownFileType = sourcecode.cpp.cpp; path = Exercise9.cpp; sourceTree = "<group>"; };
		1AEC54CB1CEA44F9007E4D08 /* Exercise9.hpp */ = {isa = PBXFileReference; fileEncoding = 4; lastKnownFileType = sourcecode.cpp.h; path = Exercise9.hpp; sourceTree = "<group>"; };
		1AEC54CD1CEA50AC007E4D08 /* ClassRoom.cpp */ = {isa = PBXFileReference; fileEncoding = 4; lastKnownFileType = sourcecode.cpp.cpp; path = ClassRoom.cpp; sourceTree = "<group>"; };
		1AEC54CE1CEA50AC007E4D08 /* ClassRoom.hpp */ = {isa = PBXFileReference; fileEncoding = 4; lastKnownFileType = sourcecode.cpp.h; path = ClassRoom.hpp; sourceTree = "<group>"; };
/* End PBXFileReference section */

/* Begin PBXFrameworksBuildPhase section */
		1A39DBDF1CD87DF9002E740D /* Frameworks */ = {
			isa = PBXFrameworksBuildPhase;
			buildActionMask = 2147483647;
			files = (
			);
			runOnlyForDeploymentPostprocessing = 0;
		};
/* End PBXFrameworksBuildPhase section */

/* Begin PBXGroup section */
		1A162F931CEBA65500F7C4EB /* Classes */ = {
			isa = PBXGroup;
			children = (
				1AEC54C71CE63D90007E4D08 /* Airplane.cpp */,
				1AEC54C81CE63D90007E4D08 /* Airplane.hpp */,
				1AEC54CD1CEA50AC007E4D08 /* ClassRoom.cpp */,
				1AEC54CE1CEA50AC007E4D08 /* ClassRoom.hpp */,
				1AEC54C41CE50B56007E4D08 /* EmployeeExer8.cpp */,
				1AEC54C51CE50B56007E4D08 /* EmployeeExer8.hpp */,
				1A162F8A1CEB899600F7C4EB /* AccountExer10.cpp */,
				1A162F8B1CEB899600F7C4EB /* AccountExer10.hpp */,
				1A162F8D1CEBA60200F7C4EB /* AddressExer10.cpp */,
				1A162F8E1CEBA60200F7C4EB /* AddressExer10.hpp */,
				1A162F901CEBA61A00F7C4EB /* DepartmentExer10.cpp */,
				1A162F911CEBA61A00F7C4EB /* DepartmentExer10.hpp */,
				1A9C40321CECF993007D6A8D /* BedExer11.cpp */,
				1A9C40331CECF993007D6A8D /* BedExer11.hpp */,
				1A9C40351CECFD76007D6A8D /* BunkBed.cpp */,
				1A9C40361CECFD76007D6A8D /* BunkBed.hpp */,
				1A9C403B1CED42F7007D6A8D /* DayBed.cpp */,
				1A9C403C1CED42F7007D6A8D /* DayBed.hpp */,
				1A9C404A1CEF9306007D6A8D /* VehicleAssignment.cpp */,
				1A9C404B1CEF9306007D6A8D /* VehicleAssignment.hpp */,
				1A9C404D1CEF96F6007D6A8D /* TruckAssignment.cpp */,
				1A9C404E1CEF96F6007D6A8D /* TruckAssignment.hpp */,
				1A9C40501CEFB20F007D6A8D /* DutyTruckAssignment.cpp */,
				1A9C40511CEFB20F007D6A8D /* DutyTruckAssignment.hpp */,
				1A9C40531CEFB5C8007D6A8D /* PickUpTruckAssignment.cpp */,
				1A9C40541CEFB5C8007D6A8D /* PickUpTruckAssignment.hpp */,
				1A9C40561CEFB7FE007D6A8D /* PassengerAssignment.cpp */,
				1A9C40571CEFB7FE007D6A8D /* PassengerAssignment.hpp */,
				1A565A2E1CFCA9F3000761B2 /* House.cpp */,
				1A565A2F1CFCA9F3000761B2 /* House.hpp */,
				1A565A311CFCAA98000761B2 /* Apartment.cpp */,
				1A565A321CFCAA98000761B2 /* Apartment.hpp */,
				1A565A341CFCD005000761B2 /* DateAssignmet4.cpp */,
				1A565A351CFCD005000761B2 /* DateAssignmet4.hpp */,
				1A565A371CFCD013000761B2 /* PhoneAssignment4.cpp */,
				1A565A381CFCD013000761B2 /* PhoneAssignment4.hpp */,
				1A565A441CFDF332000761B2 /* CarMidterm.cpp */,
				1A565A451CFDF332000761B2 /* CarMidterm.hpp */,
				1A565A471CFDF462000761B2 /* TechInforMidterm.cpp */,
				1A565A481CFDF462000761B2 /* TechInforMidterm.hpp */,
			);
			name = Classes;
			sourceTree = "<group>";
		};
		1A39DBD91CD87DF8002E740D = {
			isa = PBXGroup;
			children = (
				1AAC201F1D0B4AD60020DAD5 /* inFile assignment5 copy.dat */,
				1AAC20201D0B4AD60020DAD5 /* outFile assignment5 copy.dat */,
				1AAC201B1D0B4A5C0020DAD5 /* inFile assignment5.txt */,
				1AAC201C1D0B4A5C0020DAD5 /* outFile assignment5.txt */,
				1A7DE6ED1CFFB14500C8FBEA /* ParkingData.dat */,
				1A565A3F1CFD2A86000761B2 /* outFile.txt */,
				1A39DBE41CD87DF9002E740D /* CPlusPlus */,
				1A39DBE31CD87DF9002E740D /* Products */,
			);
			sourceTree = "<group>";
		};
		1A39DBE31CD87DF9002E740D /* Products */ = {
			isa = PBXGroup;
			children = (
				1A39DBE21CD87DF9002E740D /* CPlusPlus */,
			);
			name = Products;
			sourceTree = "<group>";
		};
		1A39DBE41CD87DF9002E740D /* CPlusPlus */ = {
			isa = PBXGroup;
			children = (
				1A565A4A1CFF4FBF000761B2 /* FirstHalf */,
				1A565A4B1CFF504A000761B2 /* SecondHalf */,
				1A39DBE51CD87DF9002E740D /* main.cpp */,
			);
			path = CPlusPlus;
			sourceTree = "<group>";
		};
		1A565A4A1CFF4FBF000761B2 /* FirstHalf */ = {
			isa = PBXGroup;
			children = (
				1A162F931CEBA65500F7C4EB /* Classes */,
				1AAC5E121CDD263100F62C01 /* Assignment1.cpp */,
				1AAC5E131CDD263100F62C01 /* Assignment1.hpp */,
				1A39DBEC1CD87EB1002E740D /* HomeWork.cpp */,
				1A39DBED1CD87EB1002E740D /* HomeWork.hpp */,
				1A39DBEF1CD90C92002E740D /* FirstExer.cpp */,
				1A39DBF01CD90C92002E740D /* FirstExer.hpp */,
				1AAC5DF01CDA9B7C00F62C01 /* HomeWorkExer2.cpp */,
				1AAC5DF11CDA9B7C00F62C01 /* HomeWorkExer2.hpp */,
				1AAC5DEA1CDA595D00F62C01 /* Exerceise2.cpp */,
				1AAC5DEB1CDA595D00F62C01 /* Exerceise2.hpp */,
				1AAC5E0C1CDBB36700F62C01 /* Exercise3.cpp */,
				1AAC5E0D1CDBB36700F62C01 /* Exercise3.hpp */,
				1AAC5E0F1CDCFD1400F62C01 /* Exercise4.cpp */,
				1AAC5E101CDCFD1400F62C01 /* Exercise4.hpp */,
				1AAC5E151CE0F81900F62C01 /* Exercise5.cpp */,
				1AAC5E161CE0F81900F62C01 /* Exercise5.hpp */,
				1AAC5E181CE249AF00F62C01 /* Exercise6.cpp */,
				1AAC5E191CE249AF00F62C01 /* Exercise6.hpp */,
				1A6C41D11CE3A17100581A20 /* Exercise7.cpp */,
				1A6C41D21CE3A17100581A20 /* Exercise7.hpp */,
				1AEC54BE1CE500AE007E4D08 /* ProductExer8.cpp */,
				1AEC54BF1CE500AE007E4D08 /* ProductExer8.hpp */,
				1AEC54C11CE504E8007E4D08 /* DriverExer8.cpp */,
				1AEC54C21CE504E8007E4D08 /* DriverExer8.hpp */,
				1AEC54BB1CE4FF33007E4D08 /* Assignment2.cpp */,
				1AEC54BC1CE4FF33007E4D08 /* Assignment2.hpp */,
				1AEC54CA1CEA44F9007E4D08 /* Exercise9.cpp */,
				1AEC54CB1CEA44F9007E4D08 /* Exercise9.hpp */,
				1A162F871CEB88F800F7C4EB /* Excercise10.cpp */,
				1A162F881CEB88F800F7C4EB /* Excercise10.hpp */,
				1A9C40381CED186E007D6A8D /* Exer11.cpp */,
				1A9C40391CED186E007D6A8D /* Exer11.hpp */,
				1A9C40591CEFBA2A007D6A8D /* driverAssignment3.cpp */,
				1A9C405A1CEFBA2A007D6A8D /* driverAssignment3.hpp */,
				1A565A1A1CF60A68000761B2 /* GlobalNumberExer.cpp */,
				1A565A1B1CF60A68000761B2 /* GlobalNumberExer.hpp */,
				1A565A1D1CF77600000761B2 /* Class15.cpp */,
				1A565A1E1CF77600000761B2 /* Class15.hpp */,
				1A565A231CF8AEE7000761B2 /* VectorsExer.cpp */,
				1A565A241CF8AEE7000761B2 /* VectorsExer.hpp */,
				1A565A2B1CFCA979000761B2 /* ProtectedExer.cpp */,
				1A565A2C1CFCA979000761B2 /* ProtectedExer.hpp */,
				1A565A3A1CFCE123000761B2 /* driverAssignment4.cpp */,
				1A565A3B1CFCE123000761B2 /* driverAssignment4.hpp */,
				1A565A411CFDF2F0000761B2 /* driverMidterm.cpp */,
				1A565A421CFDF2F0000761B2 /* driverMidterm.hpp */,
			);
			name = FirstHalf;
			sourceTree = "<group>";
		};
		1A565A4B1CFF504A000761B2 /* SecondHalf */ = {
			isa = PBXGroup;
			children = (
				1A565A4C1CFF5103000761B2 /* Classes */,
				1A565A4D1CFF510D000761B2 /* drivers */,
			);
			name = SecondHalf;
			sourceTree = "<group>";
		};
		1A565A4C1CFF5103000761B2 /* Classes */ = {
			isa = PBXGroup;
			children = (
				1A565A4E1CFF63C1000761B2 /* ParkingSpot.cpp */,
				1A565A4F1CFF63C1000761B2 /* ParkingSpot.hpp */,
				1A565A511CFF63DE000761B2 /* ParkingClient.cpp */,
				1A565A521CFF63DE000761B2 /* ParkingClient.hpp */,
				1ADF40831D0600D5009B69F3 /* Shape.cpp */,
				1ADF40841D0600D5009B69F3 /* Shape.hpp */,
				1ADF40861D060326009B69F3 /* Rectangle.cpp */,
				1ADF40871D060326009B69F3 /* Rectangle.hpp */,
				1ADF40891D06041D009B69F3 /* Triangle.cpp */,
				1ADF408A1D06041D009B69F3 /* Triangle.hpp */,
				1ADF40B01D0758AC009B69F3 /* DivideByZeroException.cpp */,
				1ADF40B11D0758AC009B69F3 /* DivideByZeroException.hpp */,
				1ADF40C31D0A002C009B69F3 /* List.h */,
				1ADF40C41D0A002C009B69F3 /* ListNode.h */,
				1ADF40C51D0A002C009B69F3 /* TemplateClass.h */,
				1ADAD1491D0F1EE700B901DB /* Service.cpp */,
				1ADAD14A1D0F1EE700B901DB /* Service.hpp */,
				1ADAD14C1D0F1EFE00B901DB /* Phone.cpp */,
				1ADAD14D1D0F1EFE00B901DB /* Phone.hpp */,
				1ADAD14F1D0F1F1A00B901DB /* Camera.cpp */,
				1ADAD1501D0F1F1A00B901DB /* Camera.hpp */,
				1ADAD1521D0F1F2B00B901DB /* VideoCamera.cpp */,
				1ADAD1531D0F1F2B00B901DB /* VideoCamera.hpp */,
				1ADAD1551D0F235500B901DB /* PictureCamera.cpp */,
				1ADAD1561D0F235500B901DB /* PictureCamera.hpp */,
				1ADAD1581D0F236100B901DB /* Player.cpp */,
				1ADAD1591D0F236100B901DB /* Player.hpp */,
				1ADAD15B1D0F236E00B901DB /* Mp3Player.cpp */,
				1ADAD15C1D0F236E00B901DB /* Mp3Player.hpp */,
				1ADAD15E1D0F237E00B901DB /* VideoPlayer.cpp */,
				1ADAD15F1D0F237E00B901DB /* VideoPlayer.hpp */,
				1ADAD1611D0F239200B901DB /* Messaging.cpp */,
				1ADAD1621D0F239200B901DB /* Messaging.hpp */,
				1ADAD1641D0F239C00B901DB /* SmallMessaging.cpp */,
				1ADAD1651D0F239C00B901DB /* SmallMessaging.hpp */,
				1ADAD1671D0F23B100B901DB /* MultimediaMessaging.cpp */,
				1ADAD1681D0F23B100B901DB /* MultimediaMessaging.hpp */,
				1ADAD16A1D0F23B900B901DB /* Gameconsole.cpp */,
				1ADAD16B1D0F23B900B901DB /* Gameconsole.hpp */,
				1ADAD16D1D0F23E000B901DB /* Dayplanner.cpp */,
				1ADAD16E1D0F23E000B901DB /* Dayplanner.hpp */,
				1ADAD1701D0F23EB00B901DB /* EmailClient.cpp */,
				1ADAD1711D0F23EB00B901DB /* EmailClient.hpp */,
				1ADAD1731D0F23F400B901DB /* Gmail.cpp */,
				1ADAD1741D0F23F400B901DB /* Gmail.hpp */,
				1ADAD1761D0F23FC00B901DB /* Yahoo.cpp */,
				1ADAD1771D0F23FC00B901DB /* Yahoo.hpp */,
			);
			name = Classes;
			sourceTree = "<group>";
		};
		1A565A4D1CFF510D000761B2 /* drivers */ = {
			isa = PBXGroup;
			children = (
				1A565A541CFF63EF000761B2 /* driverParkingExer.cpp */,
				1A565A551CFF63EF000761B2 /* driverParkingExer.hpp */,
				1A85B4551D01F2B30027047B /* driverPolymorphism.cpp */,
				1A85B4561D01F2B30027047B /* driverPolymorphism.hpp */,
				1ADF408C1D0604BD009B69F3 /* driverShape.cpp */,
				1ADF408D1D0604BD009B69F3 /* driverShape.hpp */,
				1ADF40B31D07596C009B69F3 /* driverExceptionExer.cpp */,
				1ADF40B41D07596C009B69F3 /* driverExceptionExer.hpp */,
				1ADF40C01D08A365009B69F3 /* driverTemplateExer.cpp */,
				1ADF40C11D08A365009B69F3 /* driverTemplateExer.hpp */,
				1ADF40C61D0A0036009B69F3 /* ListDriver.cpp */,
				1ADF40C71D0A0036009B69F3 /* TemplateClassDriver.cpp */,
				1AAC20181D0B2CD80020DAD5 /* driverAssignment5.cpp */,
				1AAC20191D0B2CD80020DAD5 /* driverAssignment5.hpp */,
				1ADAD1791D106DF400B901DB /* StringFunctionExer.cpp */,
				1ADAD17A1D106DF400B901DB /* StringFunctionExer.hpp */,
			);
			name = drivers;
			sourceTree = "<group>";
		};
/* End PBXGroup section */

/* Begin PBXNativeTarget section */
		1A39DBE11CD87DF9002E740D /* CPlusPlus */ = {
			isa = PBXNativeTarget;
			buildConfigurationList = 1A39DBE91CD87DF9002E740D /* Build configuration list for PBXNativeTarget "CPlusPlus" */;
			buildPhases = (
				1A39DBDE1CD87DF9002E740D /* Sources */,
				1A39DBDF1CD87DF9002E740D /* Frameworks */,
				1A39DBE01CD87DF9002E740D /* CopyFiles */,
				1A565A3D1CFD2A5C000761B2 /* ShellScript */,
				1A565A3E1CFD2A5F000761B2 /* CopyFiles */,
			);
			buildRules = (
			);
			dependencies = (
			);
			name = CPlusPlus;
			productName = CPlusPlus;
			productReference = 1A39DBE21CD87DF9002E740D /* CPlusPlus */;
			productType = "com.apple.product-type.tool";
		};
/* End PBXNativeTarget section */

/* Begin PBXProject section */
		1A39DBDA1CD87DF8002E740D /* Project object */ = {
			isa = PBXProject;
			attributes = {
				LastUpgradeCheck = 0730;
				ORGANIZATIONNAME = Capotasto;
				TargetAttributes = {
					1A39DBE11CD87DF9002E740D = {
						CreatedOnToolsVersion = 7.3;
					};
				};
			};
			buildConfigurationList = 1A39DBDD1CD87DF8002E740D /* Build configuration list for PBXProject "CPlusPlus" */;
			compatibilityVersion = "Xcode 3.2";
			developmentRegion = English;
			hasScannedForEncodings = 0;
			knownRegions = (
				en,
			);
			mainGroup = 1A39DBD91CD87DF8002E740D;
			productRefGroup = 1A39DBE31CD87DF9002E740D /* Products */;
			projectDirPath = "";
			projectRoot = "";
			targets = (
				1A39DBE11CD87DF9002E740D /* CPlusPlus */,
			);
		};
/* End PBXProject section */

/* Begin PBXShellScriptBuildPhase section */
		1A565A3D1CFD2A5C000761B2 /* ShellScript */ = {
			isa = PBXShellScriptBuildPhase;
			buildActionMask = 2147483647;
			files = (
			);
			inputPaths = (
			);
			outputPaths = (
			);
			runOnlyForDeploymentPostprocessing = 0;
			shellPath = /bin/sh;
			shellScript = "";
		};
/* End PBXShellScriptBuildPhase section */

/* Begin PBXSourcesBuildPhase section */
		1A39DBDE1CD87DF9002E740D /* Sources */ = {
			isa = PBXSourcesBuildPhase;
			buildActionMask = 2147483647;
			files = (
				1ADAD1601D0F237E00B901DB /* VideoPlayer.cpp in Sources */,
				1ADAD1691D0F23B100B901DB /* MultimediaMessaging.cpp in Sources */,
				1A162F921CEBA61A00F7C4EB /* DepartmentExer10.cpp in Sources */,
				1A9C403A1CED186E007D6A8D /* Exer11.cpp in Sources */,
				1ADAD1541D0F1F2B00B901DB /* VideoCamera.cpp in Sources */,
				1A565A1F1CF77600000761B2 /* Class15.cpp in Sources */,
				1A39DBF11CD90C92002E740D /* FirstExer.cpp in Sources */,
				1ADAD1511D0F1F1A00B901DB /* Camera.cpp in Sources */,
				1A565A461CFDF332000761B2 /* CarMidterm.cpp in Sources */,
				1ADAD14B1D0F1EE700B901DB /* Service.cpp in Sources */,
				1A565A501CFF63C1000761B2 /* ParkingSpot.cpp in Sources */,
				1A565A301CFCA9F3000761B2 /* House.cpp in Sources */,
				1A39DBE61CD87DF9002E740D /* main.cpp in Sources */,
				1ADAD1751D0F23F400B901DB /* Gmail.cpp in Sources */,
				1A565A331CFCAA98000761B2 /* Apartment.cpp in Sources */,
				1ADAD17B1D106DF400B901DB /* StringFunctionExer.cpp in Sources */,
				1AAC5E1A1CE249AF00F62C01 /* Exercise6.cpp in Sources */,
				1AEC54CF1CEA50AC007E4D08 /* ClassRoom.cpp in Sources */,
				1ADAD14E1D0F1EFE00B901DB /* Phone.cpp in Sources */,
				1ADF40881D060326009B69F3 /* Rectangle.cpp in Sources */,
				1AAC201A1D0B2CD80020DAD5 /* driverAssignment5.cpp in Sources */,
				1A9C40521CEFB20F007D6A8D /* DutyTruckAssignment.cpp in Sources */,
				1A9C404F1CEF96F6007D6A8D /* TruckAssignment.cpp in Sources */,
				1AEC54C61CE50B56007E4D08 /* EmployeeExer8.cpp in Sources */,
				1AEC54BD1CE4FF33007E4D08 /* Assignment2.cpp in Sources */,
				1ADAD1721D0F23EB00B901DB /* EmailClient.cpp in Sources */,
				1A6C41D31CE3A17100581A20 /* Exercise7.cpp in Sources */,
				1AAC5E141CDD263100F62C01 /* Assignment1.cpp in Sources */,
				1ADF40C21D08A365009B69F3 /* driverTemplateExer.cpp in Sources */,
				1ADAD15D1D0F236E00B901DB /* Mp3Player.cpp in Sources */,
				1A565A251CF8AEE7000761B2 /* VectorsExer.cpp in Sources */,
				1ADAD1631D0F239200B901DB /* Messaging.cpp in Sources */,
				1A162F8F1CEBA60200F7C4EB /* AddressExer10.cpp in Sources */,
				1A162F8C1CEB899600F7C4EB /* AccountExer10.cpp in Sources */,
				1ADAD1661D0F239C00B901DB /* SmallMessaging.cpp in Sources */,
				1A565A2D1CFCA979000761B2 /* ProtectedExer.cpp in Sources */,
				1ADAD16F1D0F23E000B901DB /* Dayplanner.cpp in Sources */,
				1ADF40C91D0A0036009B69F3 /* TemplateClassDriver.cpp in Sources */,
				1A9C40341CECF993007D6A8D /* BedExer11.cpp in Sources */,
				1ADF408B1D06041D009B69F3 /* Triangle.cpp in Sources */,
				1A565A391CFCD013000761B2 /* PhoneAssignment4.cpp in Sources */,
				1A565A531CFF63DE000761B2 /* ParkingClient.cpp in Sources */,
				1A9C404C1CEF9306007D6A8D /* VehicleAssignment.cpp in Sources */,
				1AEC54C31CE504E8007E4D08 /* DriverExer8.cpp in Sources */,
				1A565A361CFCD005000761B2 /* DateAssignmet4.cpp in Sources */,
				1AEC54C01CE500AE007E4D08 /* ProductExer8.cpp in Sources */,
				1ADF408E1D0604BD009B69F3 /* driverShape.cpp in Sources */,
				1AEC54C91CE63D90007E4D08 /* Airplane.cpp in Sources */,
				1A565A431CFDF2F0000761B2 /* driverMidterm.cpp in Sources */,
				1ADAD15A1D0F236100B901DB /* Player.cpp in Sources */,
				1AAC5E171CE0F81900F62C01 /* Exercise5.cpp in Sources */,
				1ADAD16C1D0F23B900B901DB /* Gameconsole.cpp in Sources */,
				1AAC5DEC1CDA595D00F62C01 /* Exerceise2.cpp in Sources */,
				1AAC5E111CDCFD1400F62C01 /* Exercise4.cpp in Sources */,
				1A85B4571D01F2B30027047B /* driverPolymorphism.cpp in Sources */,
				1A9C40551CEFB5C8007D6A8D /* PickUpTruckAssignment.cpp in Sources */,
				1AAC5E0E1CDBB36700F62C01 /* Exercise3.cpp in Sources */,
				1ADF40B21D0758AC009B69F3 /* DivideByZeroException.cpp in Sources */,
				1ADF40851D0600D5009B69F3 /* Shape.cpp in Sources */,
				1AAC5DF21CDA9B7C00F62C01 /* HomeWorkExer2.cpp in Sources */,
				1A565A3C1CFCE123000761B2 /* driverAssignment4.cpp in Sources */,
				1AEC54CC1CEA44F9007E4D08 /* Exercise9.cpp in Sources */,
				1A565A1C1CF60A68000761B2 /* GlobalNumberExer.cpp in Sources */,
				1A565A491CFDF462000761B2 /* TechInforMidterm.cpp in Sources */,
				1ADF40C81D0A0036009B69F3 /* ListDriver.cpp in Sources */,
				1A9C40581CEFB7FE007D6A8D /* PassengerAssignment.cpp in Sources */,
				1ADF40B51D07596C009B69F3 /* driverExceptionExer.cpp in Sources */,
				1A162F891CEB88F800F7C4EB /* Excercise10.cpp in Sources */,
				1A39DBEE1CD87EB1002E740D /* HomeWork.cpp in Sources */,
				1A9C403D1CED42F7007D6A8D /* DayBed.cpp in Sources */,
				1A565A561CFF63EF000761B2 /* driverParkingExer.cpp in Sources */,
				1ADAD1781D0F23FC00B901DB /* Yahoo.cpp in Sources */,
				1A9C405B1CEFBA2A007D6A8D /* driverAssignment3.cpp in Sources */,
				1A9C40371CECFD76007D6A8D /* BunkBed.cpp in Sources */,
				1ADAD1571D0F235500B901DB /* PictureCamera.cpp in Sources */,
			);
			runOnlyForDeploymentPostprocessing = 0;
		};
/* End PBXSourcesBuildPhase section */

/* Begin XCBuildConfiguration section */
		1A39DBE71CD87DF9002E740D /* Debug */ = {
			isa = XCBuildConfiguration;
			buildSettings = {
				ALWAYS_SEARCH_USER_PATHS = NO;
				CLANG_ANALYZER_NONNULL = YES;
				CLANG_CXX_LANGUAGE_STANDARD = "gnu++0x";
				CLANG_CXX_LIBRARY = "libc++";
				CLANG_ENABLE_MODULES = YES;
				CLANG_ENABLE_OBJC_ARC = YES;
				CLANG_WARN_BOOL_CONVERSION = YES;
				CLANG_WARN_CONSTANT_CONVERSION = YES;
				CLANG_WARN_DIRECT_OBJC_ISA_USAGE = YES_ERROR;
				CLANG_WARN_EMPTY_BODY = YES;
				CLANG_WARN_ENUM_CONVERSION = YES;
				CLANG_WARN_INT_CONVERSION = YES;
				CLANG_WARN_OBJC_ROOT_CLASS = YES_ERROR;
				CLANG_WARN_UNREACHABLE_CODE = YES;
				CLANG_WARN__DUPLICATE_METHOD_MATCH = YES;
				CODE_SIGN_IDENTITY = "-";
				COPY_PHASE_STRIP = NO;
				DEBUG_INFORMATION_FORMAT = dwarf;
				ENABLE_STRICT_OBJC_MSGSEND = YES;
				ENABLE_TESTABILITY = YES;
				GCC_C_LANGUAGE_STANDARD = gnu99;
				GCC_DYNAMIC_NO_PIC = NO;
				GCC_NO_COMMON_BLOCKS = YES;
				GCC_OPTIMIZATION_LEVEL = 0;
				GCC_PREPROCESSOR_DEFINITIONS = (
					"DEBUG=1",
					"$(inherited)",
				);
				GCC_WARN_64_TO_32_BIT_CONVERSION = YES;
				GCC_WARN_ABOUT_RETURN_TYPE = YES_ERROR;
				GCC_WARN_UNDECLARED_SELECTOR = YES;
				GCC_WARN_UNINITIALIZED_AUTOS = YES_AGGRESSIVE;
				GCC_WARN_UNUSED_FUNCTION = YES;
				GCC_WARN_UNUSED_VARIABLE = YES;
				MACOSX_DEPLOYMENT_TARGET = 10.11;
				MTL_ENABLE_DEBUG_INFO = YES;
				ONLY_ACTIVE_ARCH = YES;
				SDKROOT = macosx;
			};
			name = Debug;
		};
		1A39DBE81CD87DF9002E740D /* Release */ = {
			isa = XCBuildConfiguration;
			buildSettings = {
				ALWAYS_SEARCH_USER_PATHS = NO;
				CLANG_ANALYZER_NONNULL = YES;
				CLANG_CXX_LANGUAGE_STANDARD = "gnu++0x";
				CLANG_CXX_LIBRARY = "libc++";
				CLANG_ENABLE_MODULES = YES;
				CLANG_ENABLE_OBJC_ARC = YES;
				CLANG_WARN_BOOL_CONVERSION = YES;
				CLANG_WARN_CONSTANT_CONVERSION = YES;
				CLANG_WARN_DIRECT_OBJC_ISA_USAGE = YES_ERROR;
				CLANG_WARN_EMPTY_BODY = YES;
				CLANG_WARN_ENUM_CONVERSION = YES;
				CLANG_WARN_INT_CONVERSION = YES;
				CLANG_WARN_OBJC_ROOT_CLASS = YES_ERROR;
				CLANG_WARN_UNREACHABLE_CODE = YES;
				CLANG_WARN__DUPLICATE_METHOD_MATCH = YES;
				CODE_SIGN_IDENTITY = "-";
				COPY_PHASE_STRIP = NO;
				DEBUG_INFORMATION_FORMAT = "dwarf-with-dsym";
				ENABLE_NS_ASSERTIONS = NO;
				ENABLE_STRICT_OBJC_MSGSEND = YES;
				GCC_C_LANGUAGE_STANDARD = gnu99;
				GCC_NO_COMMON_BLOCKS = YES;
				GCC_WARN_64_TO_32_BIT_CONVERSION = YES;
				GCC_WARN_ABOUT_RETURN_TYPE = YES_ERROR;
				GCC_WARN_UNDECLARED_SELECTOR = YES;
				GCC_WARN_UNINITIALIZED_AUTOS = YES_AGGRESSIVE;
				GCC_WARN_UNUSED_FUNCTION = YES;
				GCC_WARN_UNUSED_VARIABLE = YES;
				MACOSX_DEPLOYMENT_TARGET = 10.11;
				MTL_ENABLE_DEBUG_INFO = NO;
				SDKROOT = macosx;
			};
			name = Release;
		};
		1A39DBEA1CD87DF9002E740D /* Debug */ = {
			isa = XCBuildConfiguration;
			buildSettings = {
				PRODUCT_NAME = "$(TARGET_NAME)";
			};
			name = Debug;
		};
		1A39DBEB1CD87DF9002E740D /* Release */ = {
			isa = XCBuildConfiguration;
			buildSettings = {
				PRODUCT_NAME = "$(TARGET_NAME)";
			};
			name = Release;
		};
/* End XCBuildConfiguration section */

/* Begin XCConfigurationList section */
		1A39DBDD1CD87DF8002E740D /* Build configuration list for PBXProject "CPlusPlus" */ = {
			isa = XCConfigurationList;
			buildConfigurations = (
				1A39DBE71CD87DF9002E740D /* Debug */,
				1A39DBE81CD87DF9002E740D /* Release */,
			);
			defaultConfigurationIsVisible = 0;
			defaultConfigurationName = Release;
		};
		1A39DBE91CD87DF9002E740D /* Build configuration list for PBXNativeTarget "CPlusPlus" */ = {
			isa = XCConfigurationList;
			buildConfigurations = (
				1A39DBEA1CD87DF9002E740D /* Debug */,
				1A39DBEB1CD87DF9002E740D /* Release */,
			);
			defaultConfigurationIsVisible = 0;
			defaultConfigurationName = Release;
		};
/* End XCConfigurationList section */
	};
	rootObject = 1A39DBDA1CD87DF8002E740D /* Project object */;
}
